Microsoft Visual Studio Solution File, Format Version 12.00
# Visual Studio Version 18
VisualStudioVersion = 18.0.0.0
MinimumVisualStudioVersion = 17.0.31903.59
Project("{2150E333-8FDC-42A3-9474-1A3956D46DE8}") = "src", "src", "{8DE9C72F-D06D-4E17-8B33-694924D2D1E0}"
EndProject
Project("{2150E333-8FDC-42A3-9474-1A3956D46DE8}") = "tests", "tests", "{D44B4B07-0DB7-4ED6-9F92-5B0608912930}"
EndProject
Project("{FAE04EC0-301F-11D3-BF4B-00C04F79EFBC}") = "Zapret2Pilot.Core", "src\Zapret2Pilot.Core\Zapret2Pilot.Core.csproj", "{0D22B18B-0520-4E47-9E61-5D52D6B2515A}"
EndProject
Project("{FAE04EC0-301F-11D3-BF4B-00C04F79EFBC}") = "Zapret2Pilot.Application", "src\Zapret2Pilot.Application\Zapret2Pilot.Application.csproj", "{B59160C7-8ECF-42B3-B4D0-D15213952011}"
EndProject
Project("{FAE04EC0-301F-11D3-BF4B-00C04F79EFBC}") = "Zapret2Pilot.Storage", "src\Zapret2Pilot.Storage\Zapret2Pilot.Storage.csproj", "{9A29A6E5-9192-4E96-BE83-0EC7E7E4D5F2}"
EndProject
Project("{FAE04EC0-301F-11D3-BF4B-00C04F79EFBC}") = "Zapret2Pilot.Infrastructure", "src\Zapret2Pilot.Infrastructure\Zapret2Pilot.Infrastructure.csproj", "{4E1F34D1-9E3C-4A3C-85BB-7FAD4C8D5331}"
EndProject
Project("{FAE04EC0-301F-11D3-BF4B-00C04F79EFBC}") = "Zapret2Pilot.Runtime", "src\Zapret2Pilot.Runtime\Zapret2Pilot.Runtime.csproj", "{B0AB7E17-565F-4789-A1F2-4212A0EF2B5D}"
EndProject
Project("{FAE04EC0-301F-11D3-BF4B-00C04F79EFBC}") = "Zapret2Pilot.App", "src\Zapret2Pilot.App\Zapret2Pilot.App.csproj", "{71A550D7-7F2E-4F0E-9D58-E8D5A2FE1E77}"
EndProject
Project("{FAE04EC0-301F-11D3-BF4B-00C04F79EFBC}") = "Zapret2Pilot.Core.Tests", "tests\Zapret2Pilot.Core.Tests\Zapret2Pilot.Core.Tests.csproj", "{C644767E-1F0D-469C-91B1-888A0DD9D8E7}"
EndProject
Project("{FAE04EC0-301F-11D3-BF4B-00C04F79EFBC}") = "Zapret2Pilot.Application.Tests", "tests\Zapret2Pilot.Application.Tests\Zapret2Pilot.Application.Tests.csproj", "{F42A7921-6A7C-423B-BB27-915ED7A9C176}"
EndProject
Project("{FAE04EC0-301F-11D3-BF4B-00C04F79EFBC}") = "Zapret2Pilot.App.ViewModelTests", "tests\Zapret2Pilot.App.ViewModelTests\Zapret2Pilot.App.ViewModelTests.csproj", "{A6C88A0A-6255-4E99-BDA4-A389F6F0DD7E}"
EndProject
Project("{FAE04EC0-301F-11D3-BF4B-00C04F79EFBC}") = "Zapret2Pilot.Storage.Tests", "tests\Zapret2Pilot.Storage.Tests\Zapret2Pilot.Storage.Tests.csproj", "{ED09977B-9A4E-49EB-8946-F4F42FC0A7D6}"
EndProject
Project("{FAE04EC0-301F-11D3-BF4B-00C04F79EFBC}") = "Zapret2Pilot.Infrastructure.Tests", "tests\Zapret2Pilot.Infrastructure.Tests\Zapret2Pilot.Infrastructure.Tests.csproj", "{17E8B9B6-96E5-46CF-9D9B-FE0E7F2A746B}"
EndProject
Project("{FAE04EC0-301F-11D3-BF4B-00C04F79EFBC}") = "Zapret2Pilot.Runtime.Tests", "tests\Zapret2Pilot.Runtime.Tests\Zapret2Pilot.Runtime.Tests.csproj", "{65AB283F-0E1C-4E73-B137-E70F58E8586A}"
EndProject
Global
	GlobalSection(SolutionConfigurationPlatforms) = preSolution
		Debug|Any CPU = Debug|Any CPU
		Release|Any CPU = Release|Any CPU
	EndGlobalSection
	GlobalSection(ProjectConfigurationPlatforms) = postSolution
		{0D22B18B-0520-4E47-9E61-5D52D6B2515A}.Debug|Any CPU.ActiveCfg = Debug|Any CPU
		{0D22B18B-0520-4E47-9E61-5D52D6B2515A}.Debug|Any CPU.Build.0 = Debug|Any CPU
		{0D22B18B-0520-4E47-9E61-5D52D6B2515A}.Release|Any CPU.ActiveCfg = Release|Any CPU
		{0D22B18B-0520-4E47-9E61-5D52D6B2515A}.Release|Any CPU.Build.0 = Release|Any CPU
		{B59160C7-8ECF-42B3-B4D0-D15213952011}.Debug|Any CPU.ActiveCfg = Debug|Any CPU
		{B59160C7-8ECF-42B3-B4D0-D15213952011}.Debug|Any CPU.Build.0 = Debug|Any CPU
		{B59160C7-8ECF-42B3-B4D0-D15213952011}.Release|Any CPU.ActiveCfg = Release|Any CPU
		{B59160C7-8ECF-42B3-B4D0-D15213952011}.Release|Any CPU.Build.0 = Release|Any CPU
		{9A29A6E5-9192-4E96-BE83-0EC7E7E4D5F2}.Debug|Any CPU.ActiveCfg = Debug|Any CPU
		{9A29A6E5-9192-4E96-BE83-0EC7E7E4D5F2}.Debug|Any CPU.Build.0 = Debug|Any CPU
		{9A29A6E5-9192-4E96-BE83-0EC7E7E4D5F2}.Release|Any CPU.ActiveCfg = Release|Any CPU
		{9A29A6E5-9192-4E96-BE83-0EC7E7E4D5F2}.Release|Any CPU.Build.0 = Release|Any CPU
		{4E1F34D1-9E3C-4A3C-85BB-7FAD4C8D5331}.Debug|Any CPU.ActiveCfg = Debug|Any CPU
		{4E1F34D1-9E3C-4A3C-85BB-7FAD4C8D5331}.Debug|Any CPU.Build.0 = Debug|Any CPU
		{4E1F34D1-9E3C-4A3C-85BB-7FAD4C8D5331}.Release|Any CPU.ActiveCfg = Release|Any CPU
		{4E1F34D1-9E3C-4A3C-85BB-7FAD4C8D5331}.Release|Any CPU.Build.0 = Release|Any CPU
		{B0AB7E17-565F-4789-A1F2-4212A0EF2B5D}.Debug|Any CPU.ActiveCfg = Debug|Any CPU
		{B0AB7E17-565F-4789-A1F2-4212A0EF2B5D}.Debug|Any CPU.Build.0 = Debug|Any CPU
		{B0AB7E17-565F-4789-A1F2-4212A0EF2B5D}.Release|Any CPU.ActiveCfg = Release|Any CPU
		{B0AB7E17-565F-4789-A1F2-4212A0EF2B5D}.Release|Any CPU.Build.0 = Release|Any CPU
		{71A550D7-7F2E-4F0E-9D58-E8D5A2FE1E77}.Debug|Any CPU.ActiveCfg = Debug|Any CPU
		{71A550D7-7F2E-4F0E-9D58-E8D5A2FE1E77}.Debug|Any CPU.Build.0 = Debug|Any CPU
		{71A550D7-7F2E-4F0E-9D58-E8D5A2FE1E77}.Release|Any CPU.ActiveCfg = Release|Any CPU
		{71A550D7-7F2E-4F0E-9D58-E8D5A2FE1E77}.Release|Any CPU.Build.0 = Release|Any CPU
		{C644767E-1F0D-469C-91B1-888A0DD9D8E7}.Debug|Any CPU.ActiveCfg = Debug|Any CPU
		{C644767E-1F0D-469C-91B1-888A0DD9D8E7}.Debug|Any CPU.Build.0 = Debug|Any CPU
		{C644767E-1F0D-469C-91B1-888A0DD9D8E7}.Release|Any CPU.ActiveCfg = Release|Any CPU
		{C644767E-1F0D-469C-91B1-888A0DD9D8E7}.Release|Any CPU.Build.0 = Release|Any CPU
		{F42A7921-6A7C-423B-BB27-915ED7A9C176}.Debug|Any CPU.ActiveCfg = Debug|Any CPU
		{F42A7921-6A7C-423B-BB27-915ED7A9C176}.Debug|Any CPU.Build.0 = Debug|Any CPU
		{F42A7921-6A7C-423B-BB27-915ED7A9C176}.Release|Any CPU.ActiveCfg = Release|Any CPU
		{F42A7921-6A7C-423B-BB27-915ED7A9C176}.Release|Any CPU.Build.0 = Release|Any CPU
		{A6C88A0A-6255-4E99-BDA4-A389F6F0DD7E}.Debug|Any CPU.ActiveCfg = Debug|Any CPU
		{A6C88A0A-6255-4E99-BDA4-A389F6F0DD7E}.Debug|Any CPU.Build.0 = Debug|Any CPU
		{A6C88A0A-6255-4E99-BDA4-A389F6F0DD7E}.Release|Any CPU.ActiveCfg = Release|Any CPU
		{A6C88A0A-6255-4E99-BDA4-A389F6F0DD7E}.Release|Any CPU.Build.0 = Release|Any CPU
		{ED09977B-9A4E-49EB-8946-F4F42FC0A7D6}.Debug|Any CPU.ActiveCfg = Debug|Any CPU
		{ED09977B-9A4E-49EB-8946-F4F42FC0A7D6}.Debug|Any CPU.Build.0 = Debug|Any CPU
		{ED09977B-9A4E-49EB-8946-F4F42FC0A7D6}.Release|Any CPU.ActiveCfg = Release|Any CPU
		{ED09977B-9A4E-49EB-8946-F4F42FC0A7D6}.Release|Any CPU.Build.0 = Release|Any CPU
		{17E8B9B6-96E5-46CF-9D9B-FE0E7F2A746B}.Debug|Any CPU.ActiveCfg = Debug|Any CPU
		{17E8B9B6-96E5-46CF-9D9B-FE0E7F2A746B}.Debug|Any CPU.Build.0 = Debug|Any CPU
		{17E8B9B6-96E5-46CF-9D9B-FE0E7F2A746B}.Release|Any CPU.ActiveCfg = Release|Any CPU
		{17E8B9B6-96E5-46CF-9D9B-FE0E7F2A746B}.Release|Any CPU.Build.0 = Release|Any CPU
		{65AB283F-0E1C-4E73-B137-E70F58E8586A}.Debug|Any CPU.ActiveCfg = Debug|Any CPU
		{65AB283F-0E1C-4E73-B137-E70F58E8586A}.Debug|Any CPU.Build.0 = Debug|Any CPU
		{65AB283F-0E1C-4E73-B137-E70F58E8586A}.Release|Any CPU.ActiveCfg = Release|Any CPU
		{65AB283F-0E1C-4E73-B137-E70F58E8586A}.Release|Any CPU.Build.0 = Release|Any CPU
	EndGlobalSection
	GlobalSection(SolutionProperties) = preSolution
		HideSolutionNode = FALSE
	EndGlobalSection
	GlobalSection(NestedProjects) = preSolution
		{0D22B18B-0520-4E47-9E61-5D52D6B2515A} = {8DE9C72F-D06D-4E17-8B33-694924D2D1E0}
		{B59160C7-8ECF-42B3-B4D0-D15213952011} = {8DE9C72F-D06D-4E17-8B33-694924D2D1E0}
		{9A29A6E5-9192-4E96-BE83-0EC7E7E4D5F2} = {8DE9C72F-D06D-4E17-8B33-694924D2D1E0}
		{4E1F34D1-9E3C-4A3C-85BB-7FAD4C8D5331} = {8DE9C72F-D06D-4E17-8B33-694924D2D1E0}
		{B0AB7E17-565F-4789-A1F2-4212A0EF2B5D} = {8DE9C72F-D06D-4E17-8B33-694924D2D1E0}
		{71A550D7-7F2E-4F0E-9D58-E8D5A2FE1E77} = {8DE9C72F-D06D-4E17-8B33-694924D2D1E0}
		{C644767E-1F0D-469C-91B1-888A0DD9D8E7} = {D44B4B07-0DB7-4ED6-9F92-5B0608912930}
		{F42A7921-6A7C-423B-BB27-915ED7A9C176} = {D44B4B07-0DB7-4ED6-9F92-5B0608912930}
		{A6C88A0A-6255-4E99-BDA4-A389F6F0DD7E} = {D44B4B07-0DB7-4ED6-9F92-5B0608912930}
		{ED09977B-9A4E-49EB-8946-F4F42FC0A7D6} = {D44B4B07-0DB7-4ED6-9F92-5B0608912930}
		{17E8B9B6-96E5-46CF-9D9B-FE0E7F2A746B} = {D44B4B07-0DB7-4ED6-9F92-5B0608912930}
		{65AB283F-0E1C-4E73-B137-E70F58E8586A} = {D44B4B07-0DB7-4ED6-9F92-5B0608912930}
	EndGlobalSection
	GlobalSection(ExtensibilityGlobals) = postSolution
		SolutionGuid = {A7ED3E4B-A73F-40B2-9C16-5E68183B45F0}
	EndGlobalSection
EndGlobal
